// !$*UTF8*$!
{
	archiveVersion = 1;
	classes = {
	};
	objectVersion = 50;
	objects = {

/* Begin PBXBuildFile section */
		EF633C3B21E5DF6D0068318D /* AppDelegate.swift in Sources */ = {isa = PBXBuildFile; fileRef = EF633C3A21E5DF6D0068318D /* AppDelegate.swift */; };
		EF633C3D21E5DF6D0068318D /* ViewController.swift in Sources */ = {isa = PBXBuildFile; fileRef = EF633C3C21E5DF6D0068318D /* ViewController.swift */; };
		EF633C4021E5DF6D0068318D /* Main.storyboard in Resources */ = {isa = PBXBuildFile; fileRef = EF633C3E21E5DF6D0068318D /* Main.storyboard */; };
		EF633C4221E5DF6E0068318D /* Assets.xcassets in Resources */ = {isa = PBXBuildFile; fileRef = EF633C4121E5DF6E0068318D /* Assets.xcassets */; };
		EF633C4521E5DF6E0068318D /* LaunchScreen.storyboard in Resources */ = {isa = PBXBuildFile; fileRef = EF633C4321E5DF6E0068318D /* LaunchScreen.storyboard */; };
		EF633C4D21E5E1AF0068318D /* gu.jpg in Resources */ = {isa = PBXBuildFile; fileRef = EF633C4C21E5E1AF0068318D /* gu.jpg */; };
		EF633C4F21E5E1B60068318D /* tyoki.jpg in Resources */ = {isa = PBXBuildFile; fileRef = EF633C4E21E5E1B60068318D /* tyoki.jpg */; };
		EF633C5121E5E1BC0068318D /* pa.png in Resources */ = {isa = PBXBuildFile; fileRef = EF633C5021E5E1BC0068318D /* pa.png */; };
/* End PBXBuildFile section */

/* Begin PBXFileReference section */
		EF633C3721E5DF6D0068318D /* JankenApp.app */ = {isa = PBXFileReference; explicitFileType = wrapper.application; includeInIndex = 0; path = JankenApp.app; sourceTree = BUILT_PRODUCTS_DIR; };
		EF633C3A21E5DF6D0068318D /* AppDelegate.swift */ = {isa = PBXFileReference; lastKnownFileType = sourcecode.swift; path = AppDelegate.swift; sourceTree = "<group>"; };
		EF633C3C21E5DF6D0068318D /* ViewController.swift */ = {isa = PBXFileReference; lastKnownFileType = sourcecode.swift; path = ViewController.swift; sourceTree = "<group>"; };
		EF633C3F21E5DF6D0068318D /* Base */ = {isa = PBXFileReference; lastKnownFileType = file.storyboard; name = Base; path = Base.lproj/Main.storyboard; sourceTree = "<group>"; };
		EF633C4121E5DF6E0068318D /* Assets.xcassets */ = {isa = PBXFileReference; lastKnownFileType = folder.assetcatalog; path = Assets.xcassets; sourceTree = "<group>"; };
		EF633C4421E5DF6E0068318D /* Base */ = {isa = PBXFileReference; lastKnownFileType = file.storyboard; name = Base; path = Base.lproj/LaunchScreen.storyboard; sourceTree = "<group>"; };
		EF633C4621E5DF6E0068318D /* Info.plist */ = {isa = PBXFileReference; lastKnownFileType = text.plist.xml; path = Info.plist; sourceTree = "<group>"; };
		EF633C4C21E5E1AF0068318D /* gu.jpg */ = {isa = PBXFileReference; lastKnownFileType = image.jpeg; path = gu.jpg; sourceTree = "<group>"; };
		EF633C4E21E5E1B60068318D /* tyoki.jpg */ = {isa = PBXFileReference; lastKnownFileType = image.jpeg; path = tyoki.jpg; sourceTree = "<group>"; };
		EF633C5021E5E1BC0068318D /* pa.png */ = {isa = PBXFileReference; lastKnownFileType = image.png; path = pa.png; sourceTree = "<group>"; };
/* End PBXFileReference section */

/* Begin PBXFrameworksBuildPhase section */
		EF633C3421E5DF6D0068318D /* Frameworks */ = {
			isa = PBXFrameworksBuildPhase;
			buildActionMask = 2147483647;
			files = (
			);
			runOnlyForDeploymentPostprocessing = 0;
		};
/* End PBXFrameworksBuildPhase section */

/* Begin PBXGroup section */
		EF633C2E21E5DF6D0068318D = {
			isa = PBXGroup;
			children = (
				EF633C3921E5DF6D0068318D /* JankenApp */,
				EF633C3821E5DF6D0068318D /* Products */,
			);
			sourceTree = "<group>";
		};
		EF633C3821E5DF6D0068318D /* Products */ = {
			isa = PBXGroup;
			children = (
				EF633C3721E5DF6D0068318D /* JankenApp.app */,
			);
			name = Products;
			sourceTree = "<group>";
		};
		EF633C3921E5DF6D0068318D /* JankenApp */ = {
			isa = PBXGroup;
			children = (
				EF633C3A21E5DF6D0068318D /* AppDelegate.swift */,
				EF633C3C21E5DF6D0068318D /* ViewController.swift */,
				EF633C3E21E5DF6D0068318D /* Main.storyboard */,
				EF633C4121E5DF6E0068318D /* Assets.xcassets */,
				EF633C4C21E5E1AF0068318D /* gu.jpg */,
				EF633C4E21E5E1B60068318D /* tyoki.jpg */,
				EF633C5021E5E1BC0068318D /* pa.png */,
				EF633C4321E5DF6E0068318D /* LaunchScreen.storyboard */,
				EF633C4621E5DF6E0068318D /* Info.plist */,
			);
			path = JankenApp;
			sourceTree = "<group>";
		};
/* End PBXGroup section */

/* Begin PBXNativeTarget section */
		EF633C3621E5DF6D0068318D /* JankenApp */ = {
			isa = PBXNativeTarget;
			buildConfigurationList = EF633C4921E5DF6E0068318D /* Build configuration list for PBXNativeTarget "JankenApp" */;
			buildPhases = (
				EF633C3321E5DF6D0068318D /* Sources */,
				EF633C3421E5DF6D0068318D /* Frameworks */,
				EF633C3521E5DF6D0068318D /* Resources */,
			);
			buildRules = (
			);
			dependencies = (
			);
			name = JankenApp;
			productName = JankenApp;
			productReference = EF633C3721E5DF6D0068318D /* JankenApp.app */;
			productType = "com.apple.product-type.application";
		};
/* End PBXNativeTarget section */

/* Begin PBXProject section */
		EF633C2F21E5DF6D0068318D /* Project object */ = {
			isa = PBXProject;
			attributes = {
				LastSwiftUpdateCheck = 1010;
				LastUpgradeCheck = 1010;
				ORGANIZATIONNAME = com.nagai;
				TargetAttributes = {
					EF633C3621E5DF6D0068318D = {
						CreatedOnToolsVersion = 10.1;
					};
				};
			};
			buildConfigurationList = EF633C3221E5DF6D0068318D /* Build configuration list for PBXProject "JankenApp" */;
			compatibilityVersion = "Xcode 9.3";
			developmentRegion = en;
			hasScannedForEncodings = 0;
			knownRegions = (
				en,
				Base,
			);
			mainGroup = EF633C2E21E5DF6D0068318D;
			productRefGroup = EF633C3821E5DF6D0068318D /* Products */;
			projectDirPath = "";
			projectRoot = "";
			targets = (
				EF633C3621E5DF6D0068318D /* JankenApp */,
			);
		};
/* End PBXProject section */

/* Begin PBXResourcesBuildPhase section */
		EF633C3521E5DF6D0068318D /* Resources */ = {
			isa = PBXResourcesBuildPhase;
			buildActionMask = 2147483647;
			files = (
				EF633C4521E5DF6E0068318D /* LaunchScreen.storyboard in Resources */,
				EF633C4221E5DF6E0068318D /* Assets.xcassets in Resources */,
				EF633C4021E5DF6D0068318D /* Main.storyboard in Resources */,
				EF633C5121E5E1BC0068318D /* pa.png in Resources */,
				EF633C4D21E5E1AF0068318D /* gu.jpg in Resources */,
				EF633C4F21E5E1B60068318D /* tyoki.jpg in Resources */,
			);
			runOnlyForDeploymentPostprocessing = 0;
		};
/* End PBXResourcesBuildPhase section */

/* Begin PBXSourcesBuildPhase section */
		EF633C3321E5DF6D0068318D /* Sources */ = {
			isa = PBXSourcesBuildPhase;
			buildActionMask = 2147483647;
			files = (
				EF633C3D21E5DF6D0068318D /* ViewController.swift in Sources */,
				EF633C3B21E5DF6D0068318D /* AppDelegate.swift in Sources */,
			);
			runOnlyForDeploymentPostprocessing = 0;
		};
/* End PBXSourcesBuildPhase section */

/* Begin PBXVariantGroup section */
		EF633C3E21E5DF6D0068318D /* Main.storyboard */ = {
			isa = PBXVariantGroup;
			children = (
				EF633C3F21E5DF6D0068318D /* Base */,
			);
			name = Main.storyboard;
			sourceTree = "<group>";
		};
		EF633C4321E5DF6E0068318D /* LaunchScreen.storyboard */ = {
			isa = PBXVariantGroup;
			children = (
				EF633C4421E5DF6E0068318D /* Base */,
			);
			name = LaunchScreen.storyboard;
			sourceTree = "<group>";
		};
/* End PBXVariantGroup section */

/* Begin XCBuildConfiguration section */
		EF633C4721E5DF6E0068318D /* Debug */ = {
			isa = XCBuildConfiguration;
			buildSettings = {
				ALWAYS_SEARCH_USER_PATHS = NO;
				CLANG_ANALYZER_NONNULL = YES;
				CLANG_ANALYZER_NUMBER_OBJECT_CONVERSION = YES_AGGRESSIVE;
				CLANG_CXX_LANGUAGE_STANDARD = "gnu++14";
				CLANG_CXX_LIBRARY = "libc++";
				CLANG_ENABLE_MODULES = YES;
				CLANG_ENABLE_OBJC_ARC = YES;
				CLANG_ENABLE_OBJC_WEAK = YES;
				CLANG_WARN_BLOCK_CAPTURE_AUTORELEASING = YES;
				CLANG_WARN_BOOL_CONVERSION = YES;
				CLANG_WARN_COMMA = YES;
				CLANG_WARN_CONSTANT_CONVERSION = YES;
				CLANG_WARN_DEPRECATED_OBJC_IMPLEMENTATIONS = YES;
				CLANG_WARN_DIRECT_OBJC_ISA_USAGE = YES_ERROR;
				CLANG_WARN_DOCUMENTATION_COMMENTS = YES;
				CLANG_WARN_EMPTY_BODY = YES;
				CLANG_WARN_ENUM_CONVERSION = YES;
				CLANG_WARN_INFINITE_RECURSION = YES;
				CLANG_WARN_INT_CONVERSION = YES;
				CLANG_WARN_NON_LITERAL_NULL_CONVERSION = YES;
				CLANG_WARN_OBJC_IMPLICIT_RETAIN_SELF = YES;
				CLANG_WARN_OBJC_LITERAL_CONVERSION = YES;
				CLANG_WARN_OBJC_ROOT_CLASS = YES_ERROR;
				CLANG_WARN_RANGE_LOOP_ANALYSIS = YES;
				CLANG_WARN_STRICT_PROTOTYPES = YES;
				CLANG_WARN_SUSPICIOUS_MOVE = YES;
				CLANG_WARN_UNGUARDED_AVAILABILITY = YES_AGGRESSIVE;
				CLANG_WARN_UNREACHABLE_CODE = YES;
				CLANG_WARN__DUPLICATE_METHOD_MATCH = YES;
				CODE_SIGN_IDENTITY = "iPhone Developer";
				COPY_PHASE_STRIP = NO;
				DEBUG_INFORMATION_FORMAT = dwarf;
				ENABLE_STRICT_OBJC_MSGSEND = YES;
				ENABLE_TESTABILITY = YES;
				GCC_C_LANGUAGE_STANDARD = gnu11;
				GCC_DYNAMIC_NO_PIC = NO;
				GCC_NO_COMMON_BLOCKS = YES;
				GCC_OPTIMIZATION_LEVEL = 0;
				GCC_PREPROCESSOR_DEFINITIONS = (
					"DEBUG=1",
					"$(inherited)",
				);
				GCC_WARN_64_TO_32_BIT_CONVERSION = YES;
				GCC_WARN_ABOUT_RETURN_TYPE = YES_ERROR;
				GCC_WARN_UNDECLARED_SELECTOR = YES;
				GCC_WARN_UNINITIALIZED_AUTOS = YES_AGGRESSIVE;
				GCC_WARN_UNUSED_FUNCTION = YES;
				GCC_WARN_UNUSED_VARIABLE = YES;
				IPHONEOS_DEPLOYMENT_TARGET = 12.1;
				MTL_ENABLE_DEBUG_INFO = INCLUDE_SOURCE;
				MTL_FAST_MATH = YES;
				ONLY_ACTIVE_ARCH = YES;
				SDKROOT = iphoneos;
				SWIFT_ACTIVE_COMPILATION_CONDITIONS = DEBUG;
				SWIFT_OPTIMIZATION_LEVEL = "-Onone";
			};
			name = Debug;
		};
		EF633C4821E5DF6E0068318D /* Release */ = {
			isa = XCBuildConfiguration;
			buildSettings = {
				ALWAYS_SEARCH_USER_PATHS = NO;
				CLANG_ANALYZER_NONNULL = YES;
				CLANG_ANALYZER_NUMBER_OBJECT_CONVERSION = YES_AGGRESSIVE;
				CLANG_CXX_LANGUAGE_STANDARD = "gnu++14";
				CLANG_CXX_LIBRARY = "libc++";
				CLANG_ENABLE_MODULES = YES;
				CLANG_ENABLE_OBJC_ARC = YES;
				CLANG_ENABLE_OBJC_WEAK = YES;
				CLANG_WARN_BLOCK_CAPTURE_AUTORELEASING = YES;
				CLANG_WARN_BOOL_CONVERSION = YES;
				CLANG_WARN_COMMA = YES;
				CLANG_WARN_CONSTANT_CONVERSION = YES;
				CLANG_WARN_DEPRECATED_OBJC_IMPLEMENTATIONS = YES;
				CLANG_WARN_DIRECT_OBJC_ISA_USAGE = YES_ERROR;
				CLANG_WARN_DOCUMENTATION_COMMENTS = YES;
				CLANG_WARN_EMPTY_BODY = YES;
				CLANG_WARN_ENUM_CONVERSION = YES;
				CLANG_WARN_INFINITE_RECURSION = YES;
				CLANG_WARN_INT_CONVERSION = YES;
				CLANG_WARN_NON_LITERAL_NULL_CONVERSION = YES;
				CLANG_WARN_OBJC_IMPLICIT_RETAIN_SELF = YES;
				CLANG_WARN_OBJC_LITERAL_CONVERSION = YES;
				CLANG_WARN_OBJC_ROOT_CLASS = YES_ERROR;
				CLANG_WARN_RANGE_LOOP_ANALYSIS = YES;
				CLANG_WARN_STRICT_PROTOTYPES = YES;
				CLANG_WARN_SUSPICIOUS_MOVE = YES;
				CLANG_WARN_UNGUARDED_AVAILABILITY = YES_AGGRESSIVE;
				CLANG_WARN_UNREACHABLE_CODE = YES;
				CLANG_WARN__DUPLICATE_METHOD_MATCH = YES;
				CODE_SIGN_IDENTITY = "iPhone Developer";
				COPY_PHASE_STRIP = NO;
				DEBUG_INFORMATION_FORMAT = "dwarf-with-dsym";
				ENABLE_NS_ASSERTIONS = NO;
				ENABLE_STRICT_OBJC_MSGSEND = YES;
				GCC_C_LANGUAGE_STANDARD = gnu11;
				GCC_NO_COMMON_BLOCKS = YES;
				GCC_WARN_64_TO_32_BIT_CONVERSION = YES;
				GCC_WARN_ABOUT_RETURN_TYPE = YES_ERROR;
				GCC_WARN_UNDECLARED_SELECTOR = YES;
				GCC_WARN_UNINITIALIZED_AUTOS = YES_AGGRESSIVE;
				GCC_WARN_UNUSED_FUNCTION = YES;
				GCC_WARN_UNUSED_VARIABLE = YES;
				IPHONEOS_DEPLOYMENT_TARGET = 12.1;
				MTL_ENABLE_DEBUG_INFO = NO;
				MTL_FAST_MATH = YES;
				SDKROOT = iphoneos;
				SWIFT_COMPILATION_MODE = wholemodule;
				SWIFT_OPTIMIZATION_LEVEL = "-O";
				VALIDATE_PRODUCT = YES;
			};
			name = Release;
		};
		EF633C4A21E5DF6E0068318D /* Debug */ = {
			isa = XCBuildConfiguration;
			buildSettings = {
				ASSETCATALOG_COMPILER_APPICON_NAME = AppIcon;
				CODE_SIGN_STYLE = Automatic;
				DEVELOPMENT_TEAM = ZMM4WWA6BY;
				INFOPLIST_FILE = JankenApp/Info.plist;
				LD_RUNPATH_SEARCH_PATHS = (
					"$(inherited)",
					"@executable_path/Frameworks",
				);
				PRODUCT_BUNDLE_IDENTIFIER = com.nagai.JankenApp;
				PRODUCT_NAME = "$(TARGET_NAME)";
				SWIFT_VERSION = 4.2;
				TARGETED_DEVICE_FAMILY = "1,2";
			};
			name = Debug;
		};
		EF633C4B21E5DF6E0068318D /* Release */ = {
			isa = XCBuildConfiguration;
			buildSettings = {
				ASSETCATALOG_COMPILER_APPICON_NAME = AppIcon;
				CODE_SIGN_STYLE = Automatic;
				DEVELOPMENT_TEAM = ZMM4WWA6BY;
				INFOPLIST_FILE = JankenApp/Info.plist;
				LD_RUNPATH_SEARCH_PATHS = (
					"$(inherited)",
					"@executable_path/Frameworks",
				);
				PRODUCT_BUNDLE_IDENTIFIER = com.nagai.JankenApp;
				PRODUCT_NAME = "$(TARGET_NAME)";
				SWIFT_VERSION = 4.2;
				TARGETED_DEVICE_FAMILY = "1,2";
			};
			name = Release;
		};
/* End XCBuildConfiguration section */

/* Begin XCConfigurationList section */
		EF633C3221E5DF6D0068318D /* Build configuration list for PBXProject "JankenApp" */ = {
			isa = XCConfigurationList;
			buildConfigurations = (
				EF633C4721E5DF6E0068318D /* Debug */,
				EF633C4821E5DF6E0068318D /* Release */,
			);
			defaultConfigurationIsVisible = 0;
			defaultConfigurationName = Release;
		};
		EF633C4921E5DF6E0068318D /* Build configuration list for PBXNativeTarget "JankenApp" */ = {
			isa = XCConfigurationList;
			buildConfigurations = (
				EF633C4A21E5DF6E0068318D /* Debug */,
				EF633C4B21E5DF6E0068318D /* Release */,
			);
			defaultConfigurationIsVisible = 0;
			defaultConfigurationName = Release;
		};
/* End XCConfigurationList section */
	};
	rootObject = EF633C2F21E5DF6D0068318D /* Project object */;
}
